
Microsoft Visual Studio Solution File, Format Version 12.00
# Visual Studio 15
VisualStudioVersion = 15.0.28010.2046
MinimumVisualStudioVersion = 10.0.40219.1
Project("{2150E333-8FDC-42A3-9474-1A3956D46DE8}") = "EntryPoints", "EntryPoints", "{BAF25F29-9B48-47B3-A03F-C3475E1D842E}"
EndProject
Project("{FAE04EC0-301F-11D3-BF4B-00C04F79EFBC}") = "ITLabTest.API", "ITLabTest.API\ITLabTest.API.csproj", "{586B63BF-0C88-422E-A6D4-AC09CBD726C1}"
EndProject
Project("{2150E333-8FDC-42A3-9474-1A3956D46DE8}") = "Domain", "Domain", "{7EC801F3-DAE1-45EA-BA52-EEF4AA038318}"
EndProject
Project("{FAE04EC0-301F-11D3-BF4B-00C04F79EFBC}") = "ITLabTest.Model", "ITLabTest.Model\ITLabTest.Model.csproj", "{170116EF-0EF7-4A61-9B76-B23A25570FB2}"
EndProject
Project("{2150E333-8FDC-42A3-9474-1A3956D46DE8}") = "Application", "Application", "{343387A2-9777-4354-B083-AF164BAD1612}"
EndProject
Project("{FAE04EC0-301F-11D3-BF4B-00C04F79EFBC}") = "ITLabTest.AppService", "ITLabTest.AppService\ITLabTest.AppService.csproj", "{44DDBC18-2A85-4543-B02A-786347C313CB}"
EndProject
Project("{2150E333-8FDC-42A3-9474-1A3956D46DE8}") = "Repository", "Repository", "{8049FC4B-DECC-45F1-8565-D26B7BB64D50}"
EndProject
Project("{FAE04EC0-301F-11D3-BF4B-00C04F79EFBC}") = "ITLabTest.Repository", "ITLabTest.Repository\ITLabTest.Repository.csproj", "{977B6434-D502-447D-8292-19E61A8BDC47}"
EndProject
Project("{FAE04EC0-301F-11D3-BF4B-00C04F79EFBC}") = "ITLabTest.SqlServer.EFCore", "ITLabTest.SqlServer.EFCore\ITLabTest.SqlServer.EFCore.csproj", "{86E9BD75-BE21-4FD9-AF21-5DD9B5B8B281}"
EndProject
Project("{FAE04EC0-301F-11D3-BF4B-00C04F79EFBC}") = "ITLabRepository", "ITLabRepository\ITLabRepository.csproj", "{9D722397-5680-4C66-A3C4-FB9BFA0F99F0}"
EndProject
Project("{FAE04EC0-301F-11D3-BF4B-00C04F79EFBC}") = "ITLabTest.Angular", "ITLabTest.Angular\ITLabTest.Angular.csproj", "{8E11A7BF-AA0B-42A6-A50B-CB03059CEDA0}"
EndProject
Global
	GlobalSection(SolutionConfigurationPlatforms) = preSolution
		Debug|Any CPU = Debug|Any CPU
		Release|Any CPU = Release|Any CPU
	EndGlobalSection
	GlobalSection(ProjectConfigurationPlatforms) = postSolution
		{586B63BF-0C88-422E-A6D4-AC09CBD726C1}.Debug|Any CPU.ActiveCfg = Debug|Any CPU
		{586B63BF-0C88-422E-A6D4-AC09CBD726C1}.Debug|Any CPU.Build.0 = Debug|Any CPU
		{586B63BF-0C88-422E-A6D4-AC09CBD726C1}.Release|Any CPU.ActiveCfg = Release|Any CPU
		{586B63BF-0C88-422E-A6D4-AC09CBD726C1}.Release|Any CPU.Build.0 = Release|Any CPU
		{170116EF-0EF7-4A61-9B76-B23A25570FB2}.Debug|Any CPU.ActiveCfg = Debug|Any CPU
		{170116EF-0EF7-4A61-9B76-B23A25570FB2}.Debug|Any CPU.Build.0 = Debug|Any CPU
		{170116EF-0EF7-4A61-9B76-B23A25570FB2}.Release|Any CPU.ActiveCfg = Release|Any CPU
		{170116EF-0EF7-4A61-9B76-B23A25570FB2}.Release|Any CPU.Build.0 = Release|Any CPU
		{44DDBC18-2A85-4543-B02A-786347C313CB}.Debug|Any CPU.ActiveCfg = Debug|Any CPU
		{44DDBC18-2A85-4543-B02A-786347C313CB}.Debug|Any CPU.Build.0 = Debug|Any CPU
		{44DDBC18-2A85-4543-B02A-786347C313CB}.Release|Any CPU.ActiveCfg = Release|Any CPU
		{44DDBC18-2A85-4543-B02A-786347C313CB}.Release|Any CPU.Build.0 = Release|Any CPU
		{977B6434-D502-447D-8292-19E61A8BDC47}.Debug|Any CPU.ActiveCfg = Debug|Any CPU
		{977B6434-D502-447D-8292-19E61A8BDC47}.Debug|Any CPU.Build.0 = Debug|Any CPU
		{977B6434-D502-447D-8292-19E61A8BDC47}.Release|Any CPU.ActiveCfg = Release|Any CPU
		{977B6434-D502-447D-8292-19E61A8BDC47}.Release|Any CPU.Build.0 = Release|Any CPU
		{86E9BD75-BE21-4FD9-AF21-5DD9B5B8B281}.Debug|Any CPU.ActiveCfg = Debug|Any CPU
		{86E9BD75-BE21-4FD9-AF21-5DD9B5B8B281}.Debug|Any CPU.Build.0 = Debug|Any CPU
		{86E9BD75-BE21-4FD9-AF21-5DD9B5B8B281}.Release|Any CPU.ActiveCfg = Release|Any CPU
		{86E9BD75-BE21-4FD9-AF21-5DD9B5B8B281}.Release|Any CPU.Build.0 = Release|Any CPU
		{9D722397-5680-4C66-A3C4-FB9BFA0F99F0}.Debug|Any CPU.ActiveCfg = Debug|Any CPU
		{9D722397-5680-4C66-A3C4-FB9BFA0F99F0}.Debug|Any CPU.Build.0 = Debug|Any CPU
		{9D722397-5680-4C66-A3C4-FB9BFA0F99F0}.Release|Any CPU.ActiveCfg = Release|Any CPU
		{9D722397-5680-4C66-A3C4-FB9BFA0F99F0}.Release|Any CPU.Build.0 = Release|Any CPU
		{8E11A7BF-AA0B-42A6-A50B-CB03059CEDA0}.Debug|Any CPU.ActiveCfg = Debug|Any CPU
		{8E11A7BF-AA0B-42A6-A50B-CB03059CEDA0}.Debug|Any CPU.Build.0 = Debug|Any CPU
		{8E11A7BF-AA0B-42A6-A50B-CB03059CEDA0}.Release|Any CPU.ActiveCfg = Release|Any CPU
		{8E11A7BF-AA0B-42A6-A50B-CB03059CEDA0}.Release|Any CPU.Build.0 = Release|Any CPU
	EndGlobalSection
	GlobalSection(SolutionProperties) = preSolution
		HideSolutionNode = FALSE
	EndGlobalSection
	GlobalSection(NestedProjects) = preSolution
		{586B63BF-0C88-422E-A6D4-AC09CBD726C1} = {BAF25F29-9B48-47B3-A03F-C3475E1D842E}
		{170116EF-0EF7-4A61-9B76-B23A25570FB2} = {7EC801F3-DAE1-45EA-BA52-EEF4AA038318}
		{44DDBC18-2A85-4543-B02A-786347C313CB} = {343387A2-9777-4354-B083-AF164BAD1612}
		{977B6434-D502-447D-8292-19E61A8BDC47} = {8049FC4B-DECC-45F1-8565-D26B7BB64D50}
		{86E9BD75-BE21-4FD9-AF21-5DD9B5B8B281} = {8049FC4B-DECC-45F1-8565-D26B7BB64D50}
		{9D722397-5680-4C66-A3C4-FB9BFA0F99F0} = {343387A2-9777-4354-B083-AF164BAD1612}
		{8E11A7BF-AA0B-42A6-A50B-CB03059CEDA0} = {BAF25F29-9B48-47B3-A03F-C3475E1D842E}
	EndGlobalSection
	GlobalSection(ExtensibilityGlobals) = postSolution
		SolutionGuid = {CF1008B3-9D78-4031-BB05-5B0A0803B0F4}
	EndGlobalSection
EndGlobal
